
Microsoft Visual Studio Solution File, Format Version 12.00
# Visual Studio Version 17
VisualStudioVersion = 17.4.33213.308
MinimumVisualStudioVersion = 10.0.40219.1
Project("{FAE04EC0-301F-11D3-BF4B-00C04F79EFBC}") = "AllplanProjectBackup", "AllplanProjectBackup\AllplanProjectBackup.csproj", "{F931C9B7-5E69-4D6D-AE55-16B8F96E0BF5}"
EndProject
Global
	GlobalSection(SolutionConfigurationPlatforms) = preSolution
		Debug|Any CPU = Debug|Any CPU
		Release|Any CPU = Release|Any CPU
	EndGlobalSection
	GlobalSection(ProjectConfigurationPlatforms) = postSolution
		{F931C9B7-5E69-4D6D-AE55-16B8F96E0BF5}.Debug|Any CPU.ActiveCfg = Debug|Any CPU
		{F931C9B7-5E69-4D6D-AE55-16B8F96E0BF5}.Debug|Any CPU.Build.0 = Debug|Any CPU
		{F931C9B7-5E69-4D6D-AE55-16B8F96E0BF5}.Release|Any CPU.ActiveCfg = Release|Any CPU
		{F931C9B7-5E69-4D6D-AE55-16B8F96E0BF5}.Release|Any CPU.Build.0 = Release|Any CPU
	EndGlobalSection
	GlobalSection(SolutionProperties) = preSolution
		HideSolutionNode = FALSE
	EndGlobalSection
	GlobalSection(ExtensibilityGlobals) = postSolution
		SolutionGuid = {990D2081-7C96-4E0C-ABD1-50DD7B201EE0}
	EndGlobalSection
EndGlobal
